
Microsoft Visual Studio Solution File, Format Version 12.00
# Visual Studio 2013
VisualStudioVersion = 12.0.30723.0
MinimumVisualStudioVersion = 10.0.40219.1
Project("{FAE04EC0-301F-11D3-BF4B-00C04F79EFBC}") = "Simulator.Client", "Simulator.Client\Simulator.Client.csproj", "{9C823AD4-9346-4006-A44D-A03ACDE6EB1E}"
EndProject
Project("{FAE04EC0-301F-11D3-BF4B-00C04F79EFBC}") = "Simulator.Client.Tests", "Simulator.Client.Tests\Simulator.Client.Tests.csproj", "{2AD8B5F5-DAC4-4F86-B91E-B31F569D9AF8}"
EndProject
Project("{FAE04EC0-301F-11D3-BF4B-00C04F79EFBC}") = "Simulator.Sample", "Simulator.Sample\Simulator.Sample.csproj", "{10FA7F9C-3CA9-4119-845A-46F70D3F3CF4}"
EndProject
Global
	GlobalSection(SolutionConfigurationPlatforms) = preSolution
		Debug|Any CPU = Debug|Any CPU
		Release|Any CPU = Release|Any CPU
	EndGlobalSection
	GlobalSection(ProjectConfigurationPlatforms) = postSolution
		{9C823AD4-9346-4006-A44D-A03ACDE6EB1E}.Debug|Any CPU.ActiveCfg = Debug|Any CPU
		{9C823AD4-9346-4006-A44D-A03ACDE6EB1E}.Debug|Any CPU.Build.0 = Debug|Any CPU
		{9C823AD4-9346-4006-A44D-A03ACDE6EB1E}.Release|Any CPU.ActiveCfg = Release|Any CPU
		{9C823AD4-9346-4006-A44D-A03ACDE6EB1E}.Release|Any CPU.Build.0 = Release|Any CPU
		{2AD8B5F5-DAC4-4F86-B91E-B31F569D9AF8}.Debug|Any CPU.ActiveCfg = Debug|Any CPU
		{2AD8B5F5-DAC4-4F86-B91E-B31F569D9AF8}.Debug|Any CPU.Build.0 = Debug|Any CPU
		{2AD8B5F5-DAC4-4F86-B91E-B31F569D9AF8}.Release|Any CPU.ActiveCfg = Release|Any CPU
		{2AD8B5F5-DAC4-4F86-B91E-B31F569D9AF8}.Release|Any CPU.Build.0 = Release|Any CPU
		{10FA7F9C-3CA9-4119-845A-46F70D3F3CF4}.Debug|Any CPU.ActiveCfg = Debug|Any CPU
		{10FA7F9C-3CA9-4119-845A-46F70D3F3CF4}.Debug|Any CPU.Build.0 = Debug|Any CPU
		{10FA7F9C-3CA9-4119-845A-46F70D3F3CF4}.Release|Any CPU.ActiveCfg = Release|Any CPU
		{10FA7F9C-3CA9-4119-845A-46F70D3F3CF4}.Release|Any CPU.Build.0 = Release|Any CPU
	EndGlobalSection
	GlobalSection(SolutionProperties) = preSolution
		HideSolutionNode = FALSE
	EndGlobalSection
EndGlobal
